# @generated by Move, please check-in and do not edit manually.

[move]
version = 3
manifest_digest = "BECBFB19ACE37E513D8ECE5A668179A670CFE83B5FFF3FA776EDA4B4B28BF1DA"
deps_digest = "3C4103934B1E040BB6B23F1D610B4EF9F2F1166A50A104EADCF77467C004C600"

dependencies = [
  { id = "Sui", name = "Sui" },
  { id = "SuiTears", name = "SuiTears" },
]

[[move.package]]
id = "MoveStdlib"
source = { git = "https://github.com/MystenLabs/sui.git", rev = "mainnet", subdir = "crates/sui-framework/packages/move-stdlib" }

[[move.package]]
id = "Sui"
source = { git = "https://github.com/MystenLabs/sui.git", rev = "mainnet", subdir = "crates/sui-framework/packages/sui-framework" }

dependencies = [
  { id = "MoveStdlib", name = "MoveStdlib" },
]

[[move.package]]
id = "SuiTears"
source = { git = "https://github.com/interest-protocol/suitears.git", rev = "main", subdir = "contracts" }

dependencies = [
  { id = "Sui", name = "Sui" },
]

[move.toolchain-version]
compiler-version = "1.39.1"
edition = "2024.beta"
flavor = "sui"

[env]

[env.testnet]
chain-id = "4c78adac"
original-published-id = "0xdc0d29408c946eacd2e175639957fe8a9095f2cbbf222d15f9a77fc44413120c"
latest-published-id = "0xdc0d29408c946eacd2e175639957fe8a9095f2cbbf222d15f9a77fc44413120c"
published-version = "1"

[env.mainnet]
chain-id = "35834a8a"
original-published-id = "0x33d51e66410b5d98fdd013d16194ab35b43d5b8fc76523876cd5f971c52084dd"
latest-published-id = "0x56faccfed3b80fbecde37e4a323f1d9cb03c8589c81c1322b8704180b6748370"
published-version = "5"
